
Microsoft Visual Studio Solution File, Format Version 12.00
# Visual Studio Version 17
VisualStudioVersion = 17.0.32112.339
MinimumVisualStudioVersion = 10.0.40219.1
Project("{FAE04EC0-301F-11D3-BF4B-00C04F79EFBC}") = "ProLance.Android", "ProLance\ProLance.Android\ProLance.Android.csproj", "{B0B65502-DD4C-4201-A74D-2A92709CFE98}"
EndProject
Project("{FAE04EC0-301F-11D3-BF4B-00C04F79EFBC}") = "ProLance.iOS", "ProLance\ProLance.iOS\ProLance.iOS.csproj", "{72A6E4E5-5FFA-468C-B25F-6BCA9113C7A4}"
EndProject
Project("{FAE04EC0-301F-11D3-BF4B-00C04F79EFBC}") = "ProLance", "ProLance\ProLance\ProLance.csproj", "{2984E504-518E-430A-A3AA-281B85221546}"
EndProject
Global
	GlobalSection(SolutionConfigurationPlatforms) = preSolution
		Debug|Any CPU = Debug|Any CPU
		Debug|iPhone = Debug|iPhone
		Debug|iPhoneSimulator = Debug|iPhoneSimulator
		Release|Any CPU = Release|Any CPU
		Release|iPhone = Release|iPhone
		Release|iPhoneSimulator = Release|iPhoneSimulator
	EndGlobalSection
	GlobalSection(ProjectConfigurationPlatforms) = postSolution
		{B0B65502-DD4C-4201-A74D-2A92709CFE98}.Debug|Any CPU.ActiveCfg = Debug|Any CPU
		{B0B65502-DD4C-4201-A74D-2A92709CFE98}.Debug|Any CPU.Build.0 = Debug|Any CPU
		{B0B65502-DD4C-4201-A74D-2A92709CFE98}.Debug|Any CPU.Deploy.0 = Debug|Any CPU
		{B0B65502-DD4C-4201-A74D-2A92709CFE98}.Debug|iPhone.ActiveCfg = Debug|Any CPU
		{B0B65502-DD4C-4201-A74D-2A92709CFE98}.Debug|iPhone.Build.0 = Debug|Any CPU
		{B0B65502-DD4C-4201-A74D-2A92709CFE98}.Debug|iPhone.Deploy.0 = Debug|Any CPU
		{B0B65502-DD4C-4201-A74D-2A92709CFE98}.Debug|iPhoneSimulator.ActiveCfg = Debug|Any CPU
		{B0B65502-DD4C-4201-A74D-2A92709CFE98}.Debug|iPhoneSimulator.Build.0 = Debug|Any CPU
		{B0B65502-DD4C-4201-A74D-2A92709CFE98}.Debug|iPhoneSimulator.Deploy.0 = Debug|Any CPU
		{B0B65502-DD4C-4201-A74D-2A92709CFE98}.Release|Any CPU.ActiveCfg = Release|Any CPU
		{B0B65502-DD4C-4201-A74D-2A92709CFE98}.Release|Any CPU.Build.0 = Release|Any CPU
		{B0B65502-DD4C-4201-A74D-2A92709CFE98}.Release|Any CPU.Deploy.0 = Release|Any CPU
		{B0B65502-DD4C-4201-A74D-2A92709CFE98}.Release|iPhone.ActiveCfg = Release|Any CPU
		{B0B65502-DD4C-4201-A74D-2A92709CFE98}.Release|iPhone.Build.0 = Release|Any CPU
		{B0B65502-DD4C-4201-A74D-2A92709CFE98}.Release|iPhone.Deploy.0 = Release|Any CPU
		{B0B65502-DD4C-4201-A74D-2A92709CFE98}.Release|iPhoneSimulator.ActiveCfg = Release|Any CPU
		{B0B65502-DD4C-4201-A74D-2A92709CFE98}.Release|iPhoneSimulator.Build.0 = Release|Any CPU
		{B0B65502-DD4C-4201-A74D-2A92709CFE98}.Release|iPhoneSimulator.Deploy.0 = Release|Any CPU
		{72A6E4E5-5FFA-468C-B25F-6BCA9113C7A4}.Debug|Any CPU.ActiveCfg = Debug|iPhone
		{72A6E4E5-5FFA-468C-B25F-6BCA9113C7A4}.Debug|Any CPU.Build.0 = Debug|iPhone
		{72A6E4E5-5FFA-468C-B25F-6BCA9113C7A4}.Debug|Any CPU.Deploy.0 = Debug|iPhone
		{72A6E4E5-5FFA-468C-B25F-6BCA9113C7A4}.Debug|iPhone.ActiveCfg = Debug|iPhone
		{72A6E4E5-5FFA-468C-B25F-6BCA9113C7A4}.Debug|iPhone.Build.0 = Debug|iPhone
		{72A6E4E5-5FFA-468C-B25F-6BCA9113C7A4}.Debug|iPhone.Deploy.0 = Debug|iPhone
		{72A6E4E5-5FFA-468C-B25F-6BCA9113C7A4}.Debug|iPhoneSimulator.ActiveCfg = Debug|iPhoneSimulator
		{72A6E4E5-5FFA-468C-B25F-6BCA9113C7A4}.Debug|iPhoneSimulator.Build.0 = Debug|iPhoneSimulator
		{72A6E4E5-5FFA-468C-B25F-6BCA9113C7A4}.Debug|iPhoneSimulator.Deploy.0 = Debug|iPhoneSimulator
		{72A6E4E5-5FFA-468C-B25F-6BCA9113C7A4}.Release|Any CPU.ActiveCfg = Release|iPhoneSimulator
		{72A6E4E5-5FFA-468C-B25F-6BCA9113C7A4}.Release|Any CPU.Build.0 = Release|iPhoneSimulator
		{72A6E4E5-5FFA-468C-B25F-6BCA9113C7A4}.Release|Any CPU.Deploy.0 = Release|iPhoneSimulator
		{72A6E4E5-5FFA-468C-B25F-6BCA9113C7A4}.Release|iPhone.ActiveCfg = Release|iPhone
		{72A6E4E5-5FFA-468C-B25F-6BCA9113C7A4}.Release|iPhone.Build.0 = Release|iPhone
		{72A6E4E5-5FFA-468C-B25F-6BCA9113C7A4}.Release|iPhone.Deploy.0 = Release|iPhone
		{72A6E4E5-5FFA-468C-B25F-6BCA9113C7A4}.Release|iPhoneSimulator.ActiveCfg = Release|iPhoneSimulator
		{72A6E4E5-5FFA-468C-B25F-6BCA9113C7A4}.Release|iPhoneSimulator.Build.0 = Release|iPhoneSimulator
		{72A6E4E5-5FFA-468C-B25F-6BCA9113C7A4}.Release|iPhoneSimulator.Deploy.0 = Release|iPhoneSimulator
		{2984E504-518E-430A-A3AA-281B85221546}.Debug|Any CPU.ActiveCfg = Debug|Any CPU
		{2984E504-518E-430A-A3AA-281B85221546}.Debug|Any CPU.Build.0 = Debug|Any CPU
		{2984E504-518E-430A-A3AA-281B85221546}.Debug|Any CPU.Deploy.0 = Debug|Any CPU
		{2984E504-518E-430A-A3AA-281B85221546}.Debug|iPhone.ActiveCfg = Debug|Any CPU
		{2984E504-518E-430A-A3AA-281B85221546}.Debug|iPhone.Build.0 = Debug|Any CPU
		{2984E504-518E-430A-A3AA-281B85221546}.Debug|iPhone.Deploy.0 = Debug|Any CPU
		{2984E504-518E-430A-A3AA-281B85221546}.Debug|iPhoneSimulator.ActiveCfg = Debug|Any CPU
		{2984E504-518E-430A-A3AA-281B85221546}.Debug|iPhoneSimulator.Build.0 = Debug|Any CPU
		{2984E504-518E-430A-A3AA-281B85221546}.Debug|iPhoneSimulator.Deploy.0 = Debug|Any CPU
		{2984E504-518E-430A-A3AA-281B85221546}.Release|Any CPU.ActiveCfg = Release|Any CPU
		{2984E504-518E-430A-A3AA-281B85221546}.Release|Any CPU.Build.0 = Release|Any CPU
		{2984E504-518E-430A-A3AA-281B85221546}.Release|Any CPU.Deploy.0 = Release|Any CPU
		{2984E504-518E-430A-A3AA-281B85221546}.Release|iPhone.ActiveCfg = Release|Any CPU
		{2984E504-518E-430A-A3AA-281B85221546}.Release|iPhone.Build.0 = Release|Any CPU
		{2984E504-518E-430A-A3AA-281B85221546}.Release|iPhone.Deploy.0 = Release|Any CPU
		{2984E504-518E-430A-A3AA-281B85221546}.Release|iPhoneSimulator.ActiveCfg = Release|Any CPU
		{2984E504-518E-430A-A3AA-281B85221546}.Release|iPhoneSimulator.Build.0 = Release|Any CPU
		{2984E504-518E-430A-A3AA-281B85221546}.Release|iPhoneSimulator.Deploy.0 = Release|Any CPU
	EndGlobalSection
	GlobalSection(SolutionProperties) = preSolution
		HideSolutionNode = FALSE
	EndGlobalSection
	GlobalSection(ExtensibilityGlobals) = postSolution
		SolutionGuid = {2C813C7C-9535-48B4-BBCE-0C0850A1F191}
	EndGlobalSection
EndGlobal
